Microsoft Visual Studio Solution File, Format Version 12.00
# Visual Studio Version 16
VisualStudioVersion = 16.0.29306.81
MinimumVisualStudioVersion = 10.0.40219.1
Project("{9A19103F-16F7-4668-BE54-9A1E7A4F7556}") = "OpenNLP", "OpenNLP.Standard\OpenNLP.csproj", "{0EF7839D-242D-4827-B021-899EA38F5A93}"
EndProject
Project("{9A19103F-16F7-4668-BE54-9A1E7A4F7556}") = "SharpEntropy", "SharpEntropy.Standard\SharpEntropy.csproj", "{C0F01BC8-D0A1-4256-AFB5-1A5D09C6CC5C}"
EndProject
Project("{9A19103F-16F7-4668-BE54-9A1E7A4F7556}") = "SharpWordNet", "SharpWordNet.Standard\SharpWordNet.csproj", "{5BCD78B5-37A9-44C6-A21B-B6EB2066C899}"
EndProject
Project("{9A19103F-16F7-4668-BE54-9A1E7A4F7556}") = "SharpEntropySqlite", "SharpEntropySqlite.Standard\SharpEntropySqlite.csproj", "{E091704E-0F02-4ED7-9BF0-3733BE57AF64}"
EndProject
Project("{2150E333-8FDC-42A3-9474-1A3956D46DE8}") = ".NETCore3.1", ".NETCore3.1", "{21CACD9C-A629-4622-898E-1F1189EE1B4A}"
EndProject
Project("{2150E333-8FDC-42A3-9474-1A3956D46DE8}") = ".NETStandard2.0", ".NETStandard2.0", "{3D08D756-07FB-4EFE-A316-0D95DA3C0DE7}"
EndProject
Project("{9A19103F-16F7-4668-BE54-9A1E7A4F7556}") = "DataFileConverter", "DataFileConverter\DataFileConverter.csproj", "{DC013BE0-92D6-4362-8561-380BB8C0F3B0}"
EndProject
Project("{9A19103F-16F7-4668-BE54-9A1E7A4F7556}") = "Lithium", "Lithium\Lithium.csproj", "{0C297457-7FA4-4590-8795-4349899A972C}"
EndProject
Project("{9A19103F-16F7-4668-BE54-9A1E7A4F7556}") = "ModelConverter", "ModelConverter\ModelConverter.csproj", "{8B16A76D-9201-4074-AB28-1A2EBFBC01AE}"
EndProject
Project("{9A19103F-16F7-4668-BE54-9A1E7A4F7556}") = "ParseTree", "ParseTree\ParseTree.csproj", "{325ECFBA-0972-4AA5-8B6D-EB0242BB6DDD}"
EndProject
Project("{9A19103F-16F7-4668-BE54-9A1E7A4F7556}") = "ToolsExample", "ToolsExample\ToolsExample.csproj", "{9D7CF664-9074-4CED-83B6-94315F759201}"
EndProject
Project("{9A19103F-16F7-4668-BE54-9A1E7A4F7556}") = "Trainer", "Trainer\Trainer.csproj", "{1A5E2B69-FFF3-4669-91E8-1983CFF1854A}"
EndProject
Project("{2150E333-8FDC-42A3-9474-1A3956D46DE8}") = "Forms", "Forms", "{A3AEDED3-D529-45CD-B664-1176C51075E9}"
EndProject
Project("{2150E333-8FDC-42A3-9474-1A3956D46DE8}") = "Consoles", "Consoles", "{73727669-5C38-4064-8365-515BB7BED7D0}"
EndProject
Project("{2150E333-8FDC-42A3-9474-1A3956D46DE8}") = "Tests", "Tests", "{52ACA4E3-7A5F-4CD6-8FE8-3FB46A6C5C06}"
EndProject
Project("{FAE04EC0-301F-11D3-BF4B-00C04F79EFBC}") = "Trainer.Tests", "Tests\Trainer.Tests\Trainer.Tests.csproj", "{052CEA99-76B3-4BBF-8D82-F9217DCF7FC5}"
EndProject
Global
	GlobalSection(SolutionConfigurationPlatforms) = preSolution
		Debug|Any CPU = Debug|Any CPU
		Debug|Mixed Platforms = Debug|Mixed Platforms
		Debug|x86 = Debug|x86
		Release|Any CPU = Release|Any CPU
		Release|Mixed Platforms = Release|Mixed Platforms
		Release|x86 = Release|x86
	EndGlobalSection
	GlobalSection(ProjectConfigurationPlatforms) = postSolution
		{0EF7839D-242D-4827-B021-899EA38F5A93}.Debug|Any CPU.ActiveCfg = Debug|Any CPU
		{0EF7839D-242D-4827-B021-899EA38F5A93}.Debug|Any CPU.Build.0 = Debug|Any CPU
		{0EF7839D-242D-4827-B021-899EA38F5A93}.Debug|Mixed Platforms.ActiveCfg = Debug|Any CPU
		{0EF7839D-242D-4827-B021-899EA38F5A93}.Debug|Mixed Platforms.Build.0 = Debug|Any CPU
		{0EF7839D-242D-4827-B021-899EA38F5A93}.Debug|x86.ActiveCfg = Debug|Any CPU
		{0EF7839D-242D-4827-B021-899EA38F5A93}.Debug|x86.Build.0 = Debug|Any CPU
		{0EF7839D-242D-4827-B021-899EA38F5A93}.Release|Any CPU.ActiveCfg = Release|Any CPU
		{0EF7839D-242D-4827-B021-899EA38F5A93}.Release|Any CPU.Build.0 = Release|Any CPU
		{0EF7839D-242D-4827-B021-899EA38F5A93}.Release|Mixed Platforms.ActiveCfg = Release|Any CPU
		{0EF7839D-242D-4827-B021-899EA38F5A93}.Release|Mixed Platforms.Build.0 = Release|Any CPU
		{0EF7839D-242D-4827-B021-899EA38F5A93}.Release|x86.ActiveCfg = Release|Any CPU
		{0EF7839D-242D-4827-B021-899EA38F5A93}.Release|x86.Build.0 = Release|Any CPU
		{C0F01BC8-D0A1-4256-AFB5-1A5D09C6CC5C}.Debug|Any CPU.ActiveCfg = Debug|Any CPU
		{C0F01BC8-D0A1-4256-AFB5-1A5D09C6CC5C}.Debug|Any CPU.Build.0 = Debug|Any CPU
		{C0F01BC8-D0A1-4256-AFB5-1A5D09C6CC5C}.Debug|Mixed Platforms.ActiveCfg = Debug|Any CPU
		{C0F01BC8-D0A1-4256-AFB5-1A5D09C6CC5C}.Debug|Mixed Platforms.Build.0 = Debug|Any CPU
		{C0F01BC8-D0A1-4256-AFB5-1A5D09C6CC5C}.Debug|x86.ActiveCfg = Debug|Any CPU
		{C0F01BC8-D0A1-4256-AFB5-1A5D09C6CC5C}.Debug|x86.Build.0 = Debug|Any CPU
		{C0F01BC8-D0A1-4256-AFB5-1A5D09C6CC5C}.Release|Any CPU.ActiveCfg = Release|Any CPU
		{C0F01BC8-D0A1-4256-AFB5-1A5D09C6CC5C}.Release|Any CPU.Build.0 = Release|Any CPU
		{C0F01BC8-D0A1-4256-AFB5-1A5D09C6CC5C}.Release|Mixed Platforms.ActiveCfg = Release|Any CPU
		{C0F01BC8-D0A1-4256-AFB5-1A5D09C6CC5C}.Release|Mixed Platforms.Build.0 = Release|Any CPU
		{C0F01BC8-D0A1-4256-AFB5-1A5D09C6CC5C}.Release|x86.ActiveCfg = Release|Any CPU
		{C0F01BC8-D0A1-4256-AFB5-1A5D09C6CC5C}.Release|x86.Build.0 = Release|Any CPU
		{5BCD78B5-37A9-44C6-A21B-B6EB2066C899}.Debug|Any CPU.ActiveCfg = Debug|Any CPU
		{5BCD78B5-37A9-44C6-A21B-B6EB2066C899}.Debug|Any CPU.Build.0 = Debug|Any CPU
		{5BCD78B5-37A9-44C6-A21B-B6EB2066C899}.Debug|Mixed Platforms.ActiveCfg = Debug|Any CPU
		{5BCD78B5-37A9-44C6-A21B-B6EB2066C899}.Debug|Mixed Platforms.Build.0 = Debug|Any CPU
		{5BCD78B5-37A9-44C6-A21B-B6EB2066C899}.Debug|x86.ActiveCfg = Debug|Any CPU
		{5BCD78B5-37A9-44C6-A21B-B6EB2066C899}.Debug|x86.Build.0 = Debug|Any CPU
		{5BCD78B5-37A9-44C6-A21B-B6EB2066C899}.Release|Any CPU.ActiveCfg = Release|Any CPU
		{5BCD78B5-37A9-44C6-A21B-B6EB2066C899}.Release|Any CPU.Build.0 = Release|Any CPU
		{5BCD78B5-37A9-44C6-A21B-B6EB2066C899}.Release|Mixed Platforms.ActiveCfg = Release|Any CPU
		{5BCD78B5-37A9-44C6-A21B-B6EB2066C899}.Release|Mixed Platforms.Build.0 = Release|Any CPU
		{5BCD78B5-37A9-44C6-A21B-B6EB2066C899}.Release|x86.ActiveCfg = Release|Any CPU
		{5BCD78B5-37A9-44C6-A21B-B6EB2066C899}.Release|x86.Build.0 = Release|Any CPU
		{E091704E-0F02-4ED7-9BF0-3733BE57AF64}.Debug|Any CPU.ActiveCfg = Debug|Any CPU
		{E091704E-0F02-4ED7-9BF0-3733BE57AF64}.Debug|Any CPU.Build.0 = Debug|Any CPU
		{E091704E-0F02-4ED7-9BF0-3733BE57AF64}.Debug|Mixed Platforms.ActiveCfg = Debug|Any CPU
		{E091704E-0F02-4ED7-9BF0-3733BE57AF64}.Debug|Mixed Platforms.Build.0 = Debug|Any CPU
		{E091704E-0F02-4ED7-9BF0-3733BE57AF64}.Debug|x86.ActiveCfg = Debug|Any CPU
		{E091704E-0F02-4ED7-9BF0-3733BE57AF64}.Debug|x86.Build.0 = Debug|Any CPU
		{E091704E-0F02-4ED7-9BF0-3733BE57AF64}.Release|Any CPU.ActiveCfg = Release|Any CPU
		{E091704E-0F02-4ED7-9BF0-3733BE57AF64}.Release|Any CPU.Build.0 = Release|Any CPU
		{E091704E-0F02-4ED7-9BF0-3733BE57AF64}.Release|Mixed Platforms.ActiveCfg = Release|Any CPU
		{E091704E-0F02-4ED7-9BF0-3733BE57AF64}.Release|Mixed Platforms.Build.0 = Release|Any CPU
		{E091704E-0F02-4ED7-9BF0-3733BE57AF64}.Release|x86.ActiveCfg = Release|Any CPU
		{E091704E-0F02-4ED7-9BF0-3733BE57AF64}.Release|x86.Build.0 = Release|Any CPU
		{DC013BE0-92D6-4362-8561-380BB8C0F3B0}.Debug|Any CPU.ActiveCfg = Debug|Any CPU
		{DC013BE0-92D6-4362-8561-380BB8C0F3B0}.Debug|Any CPU.Build.0 = Debug|Any CPU
		{DC013BE0-92D6-4362-8561-380BB8C0F3B0}.Debug|Mixed Platforms.ActiveCfg = Debug|Any CPU
		{DC013BE0-92D6-4362-8561-380BB8C0F3B0}.Debug|Mixed Platforms.Build.0 = Debug|Any CPU
		{DC013BE0-92D6-4362-8561-380BB8C0F3B0}.Debug|x86.ActiveCfg = Debug|Any CPU
		{DC013BE0-92D6-4362-8561-380BB8C0F3B0}.Debug|x86.Build.0 = Debug|Any CPU
		{DC013BE0-92D6-4362-8561-380BB8C0F3B0}.Release|Any CPU.ActiveCfg = Release|Any CPU
		{DC013BE0-92D6-4362-8561-380BB8C0F3B0}.Release|Any CPU.Build.0 = Release|Any CPU
		{DC013BE0-92D6-4362-8561-380BB8C0F3B0}.Release|Mixed Platforms.ActiveCfg = Release|Any CPU
		{DC013BE0-92D6-4362-8561-380BB8C0F3B0}.Release|Mixed Platforms.Build.0 = Release|Any CPU
		{DC013BE0-92D6-4362-8561-380BB8C0F3B0}.Release|x86.ActiveCfg = Release|Any CPU
		{DC013BE0-92D6-4362-8561-380BB8C0F3B0}.Release|x86.Build.0 = Release|Any CPU
		{0C297457-7FA4-4590-8795-4349899A972C}.Debug|Any CPU.ActiveCfg = Debug|Any CPU
		{0C297457-7FA4-4590-8795-4349899A972C}.Debug|Any CPU.Build.0 = Debug|Any CPU
		{0C297457-7FA4-4590-8795-4349899A972C}.Debug|Mixed Platforms.ActiveCfg = Debug|Any CPU
		{0C297457-7FA4-4590-8795-4349899A972C}.Debug|Mixed Platforms.Build.0 = Debug|Any CPU
		{0C297457-7FA4-4590-8795-4349899A972C}.Debug|x86.ActiveCfg = Debug|Any CPU
		{0C297457-7FA4-4590-8795-4349899A972C}.Debug|x86.Build.0 = Debug|Any CPU
		{0C297457-7FA4-4590-8795-4349899A972C}.Release|Any CPU.ActiveCfg = Release|Any CPU
		{0C297457-7FA4-4590-8795-4349899A972C}.Release|Any CPU.Build.0 = Release|Any CPU
		{0C297457-7FA4-4590-8795-4349899A972C}.Release|Mixed Platforms.ActiveCfg = Release|Any CPU
		{0C297457-7FA4-4590-8795-4349899A972C}.Release|Mixed Platforms.Build.0 = Release|Any CPU
		{0C297457-7FA4-4590-8795-4349899A972C}.Release|x86.ActiveCfg = Release|Any CPU
		{0C297457-7FA4-4590-8795-4349899A972C}.Release|x86.Build.0 = Release|Any CPU
		{8B16A76D-9201-4074-AB28-1A2EBFBC01AE}.Debug|Any CPU.ActiveCfg = Debug|Any CPU
		{8B16A76D-9201-4074-AB28-1A2EBFBC01AE}.Debug|Any CPU.Build.0 = Debug|Any CPU
		{8B16A76D-9201-4074-AB28-1A2EBFBC01AE}.Debug|Mixed Platforms.ActiveCfg = Debug|Any CPU
		{8B16A76D-9201-4074-AB28-1A2EBFBC01AE}.Debug|Mixed Platforms.Build.0 = Debug|Any CPU
		{8B16A76D-9201-4074-AB28-1A2EBFBC01AE}.Debug|x86.ActiveCfg = Debug|Any CPU
		{8B16A76D-9201-4074-AB28-1A2EBFBC01AE}.Debug|x86.Build.0 = Debug|Any CPU
		{8B16A76D-9201-4074-AB28-1A2EBFBC01AE}.Release|Any CPU.ActiveCfg = Release|Any CPU
		{8B16A76D-9201-4074-AB28-1A2EBFBC01AE}.Release|Any CPU.Build.0 = Release|Any CPU
		{8B16A76D-9201-4074-AB28-1A2EBFBC01AE}.Release|Mixed Platforms.ActiveCfg = Release|Any CPU
		{8B16A76D-9201-4074-AB28-1A2EBFBC01AE}.Release|Mixed Platforms.Build.0 = Release|Any CPU
		{8B16A76D-9201-4074-AB28-1A2EBFBC01AE}.Release|x86.ActiveCfg = Release|Any CPU
		{8B16A76D-9201-4074-AB28-1A2EBFBC01AE}.Release|x86.Build.0 = Release|Any CPU
		{325ECFBA-0972-4AA5-8B6D-EB0242BB6DDD}.Debug|Any CPU.ActiveCfg = Debug|Any CPU
		{325ECFBA-0972-4AA5-8B6D-EB0242BB6DDD}.Debug|Any CPU.Build.0 = Debug|Any CPU
		{325ECFBA-0972-4AA5-8B6D-EB0242BB6DDD}.Debug|Mixed Platforms.ActiveCfg = Debug|Any CPU
		{325ECFBA-0972-4AA5-8B6D-EB0242BB6DDD}.Debug|Mixed Platforms.Build.0 = Debug|Any CPU
		{325ECFBA-0972-4AA5-8B6D-EB0242BB6DDD}.Debug|x86.ActiveCfg = Debug|Any CPU
		{325ECFBA-0972-4AA5-8B6D-EB0242BB6DDD}.Debug|x86.Build.0 = Debug|Any CPU
		{325ECFBA-0972-4AA5-8B6D-EB0242BB6DDD}.Release|Any CPU.ActiveCfg = Release|Any CPU
		{325ECFBA-0972-4AA5-8B6D-EB0242BB6DDD}.Release|Any CPU.Build.0 = Release|Any CPU
		{325ECFBA-0972-4AA5-8B6D-EB0242BB6DDD}.Release|Mixed Platforms.ActiveCfg = Release|Any CPU
		{325ECFBA-0972-4AA5-8B6D-EB0242BB6DDD}.Release|Mixed Platforms.Build.0 = Release|Any CPU
		{325ECFBA-0972-4AA5-8B6D-EB0242BB6DDD}.Release|x86.ActiveCfg = Release|Any CPU
		{325ECFBA-0972-4AA5-8B6D-EB0242BB6DDD}.Release|x86.Build.0 = Release|Any CPU
		{9D7CF664-9074-4CED-83B6-94315F759201}.Debug|Any CPU.ActiveCfg = Debug|Any CPU
		{9D7CF664-9074-4CED-83B6-94315F759201}.Debug|Any CPU.Build.0 = Debug|Any CPU
		{9D7CF664-9074-4CED-83B6-94315F759201}.Debug|Mixed Platforms.ActiveCfg = Debug|Any CPU
		{9D7CF664-9074-4CED-83B6-94315F759201}.Debug|Mixed Platforms.Build.0 = Debug|Any CPU
		{9D7CF664-9074-4CED-83B6-94315F759201}.Debug|x86.ActiveCfg = Debug|Any CPU
		{9D7CF664-9074-4CED-83B6-94315F759201}.Debug|x86.Build.0 = Debug|Any CPU
		{9D7CF664-9074-4CED-83B6-94315F759201}.Release|Any CPU.ActiveCfg = Release|Any CPU
		{9D7CF664-9074-4CED-83B6-94315F759201}.Release|Any CPU.Build.0 = Release|Any CPU
		{9D7CF664-9074-4CED-83B6-94315F759201}.Release|Mixed Platforms.ActiveCfg = Release|Any CPU
		{9D7CF664-9074-4CED-83B6-94315F759201}.Release|Mixed Platforms.Build.0 = Release|Any CPU
		{9D7CF664-9074-4CED-83B6-94315F759201}.Release|x86.ActiveCfg = Release|Any CPU
		{9D7CF664-9074-4CED-83B6-94315F759201}.Release|x86.Build.0 = Release|Any CPU
		{1A5E2B69-FFF3-4669-91E8-1983CFF1854A}.Debug|Any CPU.ActiveCfg = Debug|Any CPU
		{1A5E2B69-FFF3-4669-91E8-1983CFF1854A}.Debug|Any CPU.Build.0 = Debug|Any CPU
		{1A5E2B69-FFF3-4669-91E8-1983CFF1854A}.Debug|Mixed Platforms.ActiveCfg = Debug|Any CPU
		{1A5E2B69-FFF3-4669-91E8-1983CFF1854A}.Debug|Mixed Platforms.Build.0 = Debug|Any CPU
		{1A5E2B69-FFF3-4669-91E8-1983CFF1854A}.Debug|x86.ActiveCfg = Debug|Any CPU
		{1A5E2B69-FFF3-4669-91E8-1983CFF1854A}.Debug|x86.Build.0 = Debug|Any CPU
		{1A5E2B69-FFF3-4669-91E8-1983CFF1854A}.Release|Any CPU.ActiveCfg = Release|Any CPU
		{1A5E2B69-FFF3-4669-91E8-1983CFF1854A}.Release|Any CPU.Build.0 = Release|Any CPU
		{1A5E2B69-FFF3-4669-91E8-1983CFF1854A}.Release|Mixed Platforms.ActiveCfg = Release|Any CPU
		{1A5E2B69-FFF3-4669-91E8-1983CFF1854A}.Release|Mixed Platforms.Build.0 = Release|Any CPU
		{1A5E2B69-FFF3-4669-91E8-1983CFF1854A}.Release|x86.ActiveCfg = Release|Any CPU
		{1A5E2B69-FFF3-4669-91E8-1983CFF1854A}.Release|x86.Build.0 = Release|Any CPU
		{052CEA99-76B3-4BBF-8D82-F9217DCF7FC5}.Debug|Any CPU.ActiveCfg = Debug|Any CPU
		{052CEA99-76B3-4BBF-8D82-F9217DCF7FC5}.Debug|Any CPU.Build.0 = Debug|Any CPU
		{052CEA99-76B3-4BBF-8D82-F9217DCF7FC5}.Debug|Mixed Platforms.ActiveCfg = Debug|Any CPU
		{052CEA99-76B3-4BBF-8D82-F9217DCF7FC5}.Debug|Mixed Platforms.Build.0 = Debug|Any CPU
		{052CEA99-76B3-4BBF-8D82-F9217DCF7FC5}.Debug|x86.ActiveCfg = Debug|Any CPU
		{052CEA99-76B3-4BBF-8D82-F9217DCF7FC5}.Debug|x86.Build.0 = Debug|Any CPU
		{052CEA99-76B3-4BBF-8D82-F9217DCF7FC5}.Release|Any CPU.ActiveCfg = Release|Any CPU
		{052CEA99-76B3-4BBF-8D82-F9217DCF7FC5}.Release|Any CPU.Build.0 = Release|Any CPU
		{052CEA99-76B3-4BBF-8D82-F9217DCF7FC5}.Release|Mixed Platforms.ActiveCfg = Release|Any CPU
		{052CEA99-76B3-4BBF-8D82-F9217DCF7FC5}.Release|Mixed Platforms.Build.0 = Release|Any CPU
		{052CEA99-76B3-4BBF-8D82-F9217DCF7FC5}.Release|x86.ActiveCfg = Release|Any CPU
		{052CEA99-76B3-4BBF-8D82-F9217DCF7FC5}.Release|x86.Build.0 = Release|Any CPU
	EndGlobalSection
	GlobalSection(SolutionProperties) = preSolution
		HideSolutionNode = FALSE
	EndGlobalSection
	GlobalSection(NestedProjects) = preSolution
		{0EF7839D-242D-4827-B021-899EA38F5A93} = {3D08D756-07FB-4EFE-A316-0D95DA3C0DE7}
		{C0F01BC8-D0A1-4256-AFB5-1A5D09C6CC5C} = {3D08D756-07FB-4EFE-A316-0D95DA3C0DE7}
		{5BCD78B5-37A9-44C6-A21B-B6EB2066C899} = {3D08D756-07FB-4EFE-A316-0D95DA3C0DE7}
		{E091704E-0F02-4ED7-9BF0-3733BE57AF64} = {3D08D756-07FB-4EFE-A316-0D95DA3C0DE7}
		{DC013BE0-92D6-4362-8561-380BB8C0F3B0} = {73727669-5C38-4064-8365-515BB7BED7D0}
		{0C297457-7FA4-4590-8795-4349899A972C} = {A3AEDED3-D529-45CD-B664-1176C51075E9}
		{8B16A76D-9201-4074-AB28-1A2EBFBC01AE} = {73727669-5C38-4064-8365-515BB7BED7D0}
		{325ECFBA-0972-4AA5-8B6D-EB0242BB6DDD} = {A3AEDED3-D529-45CD-B664-1176C51075E9}
		{9D7CF664-9074-4CED-83B6-94315F759201} = {A3AEDED3-D529-45CD-B664-1176C51075E9}
		{1A5E2B69-FFF3-4669-91E8-1983CFF1854A} = {73727669-5C38-4064-8365-515BB7BED7D0}
		{A3AEDED3-D529-45CD-B664-1176C51075E9} = {21CACD9C-A629-4622-898E-1F1189EE1B4A}
		{73727669-5C38-4064-8365-515BB7BED7D0} = {21CACD9C-A629-4622-898E-1F1189EE1B4A}
		{052CEA99-76B3-4BBF-8D82-F9217DCF7FC5} = {52ACA4E3-7A5F-4CD6-8FE8-3FB46A6C5C06}
	EndGlobalSection
	GlobalSection(ExtensibilityGlobals) = postSolution
		SolutionGuid = {4B40BDA3-4563-4F16-89DB-E5C47E6A636B}
	EndGlobalSection
	GlobalSection(Performance) = preSolution
		HasPerformanceSessions = true
	EndGlobalSection
EndGlobal
